
Microsoft Visual Studio Solution File, Format Version 12.00
# Visual Studio Version 17
VisualStudioVersion = 17.10.35027.167
MinimumVisualStudioVersion = 10.0.40219.1
Project("{FAE04EC0-301F-11D3-BF4B-00C04F79EFBC}") = "BaseRepositoryDapper", "BaseRepositoryDapper\BaseRepositoryDapper.csproj", "{523B172F-7829-49E3-9C7B-3C9C3F28F259}"
EndProject
Global
	GlobalSection(SolutionConfigurationPlatforms) = preSolution
		Debug|Any CPU = Debug|Any CPU
		Release|Any CPU = Release|Any CPU
	EndGlobalSection
	GlobalSection(ProjectConfigurationPlatforms) = postSolution
		{523B172F-7829-49E3-9C7B-3C9C3F28F259}.Debug|Any CPU.ActiveCfg = Debug|Any CPU
		{523B172F-7829-49E3-9C7B-3C9C3F28F259}.Debug|Any CPU.Build.0 = Debug|Any CPU
		{523B172F-7829-49E3-9C7B-3C9C3F28F259}.Release|Any CPU.ActiveCfg = Release|Any CPU
		{523B172F-7829-49E3-9C7B-3C9C3F28F259}.Release|Any CPU.Build.0 = Release|Any CPU
	EndGlobalSection
	GlobalSection(SolutionProperties) = preSolution
		HideSolutionNode = FALSE
	EndGlobalSection
	GlobalSection(ExtensibilityGlobals) = postSolution
		SolutionGuid = {215D1FE2-EE5D-4F0E-A401-7858B6543A2A}
	EndGlobalSection
EndGlobal
